
Microsoft Visual Studio Solution File, Format Version 12.00
# Visual Studio Version 16
VisualStudioVersion = 16.0.30907.101
MinimumVisualStudioVersion = 10.0.40219.1
Project("{8BC9CEB8-8B4A-11D0-8D11-00A0C91BC942}") = "11_1chapter", "CPP_TBC_CH11\CPP_TBC_CH11.vcxproj", "{F282ED4A-8BC8-49E3-B915-C88335036506}"
EndProject
Project("{8BC9CEB8-8B4A-11D0-8D11-00A0C91BC942}") = "11_2chapter", "11_2chapter\11_2chapter.vcxproj", "{A1418AD2-A438-4E33-A6AE-E9BB0DAFE195}"
EndProject
Project("{8BC9CEB8-8B4A-11D0-8D11-00A0C91BC942}") = "11_3chapter", "11_3chapter\11_3chapter.vcxproj", "{B78329FD-2E09-486B-AB84-05FF87F5F853}"
EndProject
Project("{8BC9CEB8-8B4A-11D0-8D11-00A0C91BC942}") = "11_4chapter", "11_4chapter\11_4chapter.vcxproj", "{ABCF505C-B90D-4018-A69C-0AC4AC5252E0}"
EndProject
Project("{8BC9CEB8-8B4A-11D0-8D11-00A0C91BC942}") = "11_4_1chapter", "11_4_1chapter\11_4_1chapter.vcxproj", "{9EE5605B-AF85-4EC2-A21A-DBE981705A0F}"
EndProject
Project("{8BC9CEB8-8B4A-11D0-8D11-00A0C91BC942}") = "11_5chapter", "11_5chapter\11_5chapter.vcxproj", "{B3D620AC-B954-47F5-9C86-ADCE908A2CE5}"
EndProject
Project("{8BC9CEB8-8B4A-11D0-8D11-00A0C91BC942}") = "11_6chapter", "11_6chapter\11_6chapter.vcxproj", "{BDB4998C-42C0-46E7-9B24-68CC9F32F33B}"
EndProject
Project("{8BC9CEB8-8B4A-11D0-8D11-00A0C91BC942}") = "11_7chapter", "11_7chapter\11_7chapter.vcxproj", "{86F0F29E-D0B1-42D5-B335-99BFB33B8344}"
EndProject
Project("{8BC9CEB8-8B4A-11D0-8D11-00A0C91BC942}") = "11_8chapter", "11_8chapter\11_8chapter.vcxproj", "{83300806-B1CF-4577-AFF8-C9D9DA60DBB3}"
EndProject
Project("{8BC9CEB8-8B4A-11D0-8D11-00A0C91BC942}") = "11_9chapter", "11_9chapter\11_9chapter.vcxproj", "{60738076-273E-43B4-AFA0-77AE39C52592}"
EndProject
Project("{8BC9CEB8-8B4A-11D0-8D11-00A0C91BC942}") = "11_1_practice_chapter", "11_1_practice_chapter\11_1_practice_chapter.vcxproj", "{3A369F74-A71E-4570-B48E-F70DA212711C}"
EndProject
Project("{8BC9CEB8-8B4A-11D0-8D11-00A0C91BC942}") = "11_2_practice_chapter", "11_2_practice_chapter\11_2_practice_chapter.vcxproj", "{3BFD12E4-658B-4941-BB07-FA026E3E556D}"
EndProject
Project("{8BC9CEB8-8B4A-11D0-8D11-00A0C91BC942}") = "11_3_practice_chapter", "11_3_practice_chapter\11_3_practice_chapter.vcxproj", "{2FD8723B-0919-436D-B4F5-AA4E7E89313F}"
EndProject
Project("{8BC9CEB8-8B4A-11D0-8D11-00A0C91BC942}") = "11_4_practice_chapter", "11_4_practice_chapter\11_4_practice_chapter.vcxproj", "{369BDED5-155D-4B84-8B68-353F387FE062}"
EndProject
Project("{8BC9CEB8-8B4A-11D0-8D11-00A0C91BC942}") = "11_5_practice_chapter", "11_5_practice_chapter\11_5_practice_chapter.vcxproj", "{1CB94A47-F837-496A-A199-38245D4ECDD1}"
EndProject
Project("{8BC9CEB8-8B4A-11D0-8D11-00A0C91BC942}") = "11_7_practice_chapter", "11_7_practice_chapter\11_7_practice_chapter.vcxproj", "{1006C9EA-5B74-412C-A36C-CDF26CB956E4}"
EndProject
Project("{8BC9CEB8-8B4A-11D0-8D11-00A0C91BC942}") = "11_8_practice_chapter", "11_8_practice_chapter\11_8_practice_chapter.vcxproj", "{92415F95-2948-4B1B-A174-6EEBAF60590A}"
EndProject
Global
	GlobalSection(SolutionConfigurationPlatforms) = preSolution
		Debug|x64 = Debug|x64
		Debug|x86 = Debug|x86
		Release|x64 = Release|x64
		Release|x86 = Release|x86
	EndGlobalSection
	GlobalSection(ProjectConfigurationPlatforms) = postSolution
		{F282ED4A-8BC8-49E3-B915-C88335036506}.Debug|x64.ActiveCfg = Debug|x64
		{F282ED4A-8BC8-49E3-B915-C88335036506}.Debug|x64.Build.0 = Debug|x64
		{F282ED4A-8BC8-49E3-B915-C88335036506}.Debug|x86.ActiveCfg = Debug|Win32
		{F282ED4A-8BC8-49E3-B915-C88335036506}.Debug|x86.Build.0 = Debug|Win32
		{F282ED4A-8BC8-49E3-B915-C88335036506}.Release|x64.ActiveCfg = Release|x64
		{F282ED4A-8BC8-49E3-B915-C88335036506}.Release|x64.Build.0 = Release|x64
		{F282ED4A-8BC8-49E3-B915-C88335036506}.Release|x86.ActiveCfg = Release|Win32
		{F282ED4A-8BC8-49E3-B915-C88335036506}.Release|x86.Build.0 = Release|Win32
		{A1418AD2-A438-4E33-A6AE-E9BB0DAFE195}.Debug|x64.ActiveCfg = Debug|x64
		{A1418AD2-A438-4E33-A6AE-E9BB0DAFE195}.Debug|x64.Build.0 = Debug|x64
		{A1418AD2-A438-4E33-A6AE-E9BB0DAFE195}.Debug|x86.ActiveCfg = Debug|Win32
		{A1418AD2-A438-4E33-A6AE-E9BB0DAFE195}.Debug|x86.Build.0 = Debug|Win32
		{A1418AD2-A438-4E33-A6AE-E9BB0DAFE195}.Release|x64.ActiveCfg = Release|x64
		{A1418AD2-A438-4E33-A6AE-E9BB0DAFE195}.Release|x64.Build.0 = Release|x64
		{A1418AD2-A438-4E33-A6AE-E9BB0DAFE195}.Release|x86.ActiveCfg = Release|Win32
		{A1418AD2-A438-4E33-A6AE-E9BB0DAFE195}.Release|x86.Build.0 = Release|Win32
		{B78329FD-2E09-486B-AB84-05FF87F5F853}.Debug|x64.ActiveCfg = Debug|x64
		{B78329FD-2E09-486B-AB84-05FF87F5F853}.Debug|x64.Build.0 = Debug|x64
		{B78329FD-2E09-486B-AB84-05FF87F5F853}.Debug|x86.ActiveCfg = Debug|Win32
		{B78329FD-2E09-486B-AB84-05FF87F5F853}.Debug|x86.Build.0 = Debug|Win32
		{B78329FD-2E09-486B-AB84-05FF87F5F853}.Release|x64.ActiveCfg = Release|x64
		{B78329FD-2E09-486B-AB84-05FF87F5F853}.Release|x64.Build.0 = Release|x64
		{B78329FD-2E09-486B-AB84-05FF87F5F853}.Release|x86.ActiveCfg = Release|Win32
		{B78329FD-2E09-486B-AB84-05FF87F5F853}.Release|x86.Build.0 = Release|Win32
		{ABCF505C-B90D-4018-A69C-0AC4AC5252E0}.Debug|x64.ActiveCfg = Debug|x64
		{ABCF505C-B90D-4018-A69C-0AC4AC5252E0}.Debug|x64.Build.0 = Debug|x64
		{ABCF505C-B90D-4018-A69C-0AC4AC5252E0}.Debug|x86.ActiveCfg = Debug|Win32
		{ABCF505C-B90D-4018-A69C-0AC4AC5252E0}.Debug|x86.Build.0 = Debug|Win32
		{ABCF505C-B90D-4018-A69C-0AC4AC5252E0}.Release|x64.ActiveCfg = Release|x64
		{ABCF505C-B90D-4018-A69C-0AC4AC5252E0}.Release|x64.Build.0 = Release|x64
		{ABCF505C-B90D-4018-A69C-0AC4AC5252E0}.Release|x86.ActiveCfg = Release|Win32
		{ABCF505C-B90D-4018-A69C-0AC4AC5252E0}.Release|x86.Build.0 = Release|Win32
		{9EE5605B-AF85-4EC2-A21A-DBE981705A0F}.Debug|x64.ActiveCfg = Debug|x64
		{9EE5605B-AF85-4EC2-A21A-DBE981705A0F}.Debug|x64.Build.0 = Debug|x64
		{9EE5605B-AF85-4EC2-A21A-DBE981705A0F}.Debug|x86.ActiveCfg = Debug|Win32
		{9EE5605B-AF85-4EC2-A21A-DBE981705A0F}.Debug|x86.Build.0 = Debug|Win32
		{9EE5605B-AF85-4EC2-A21A-DBE981705A0F}.Release|x64.ActiveCfg = Release|x64
		{9EE5605B-AF85-4EC2-A21A-DBE981705A0F}.Release|x64.Build.0 = Release|x64
		{9EE5605B-AF85-4EC2-A21A-DBE981705A0F}.Release|x86.ActiveCfg = Release|Win32
		{9EE5605B-AF85-4EC2-A21A-DBE981705A0F}.Release|x86.Build.0 = Release|Win32
		{B3D620AC-B954-47F5-9C86-ADCE908A2CE5}.Debug|x64.ActiveCfg = Debug|x64
		{B3D620AC-B954-47F5-9C86-ADCE908A2CE5}.Debug|x64.Build.0 = Debug|x64
		{B3D620AC-B954-47F5-9C86-ADCE908A2CE5}.Debug|x86.ActiveCfg = Debug|Win32
		{B3D620AC-B954-47F5-9C86-ADCE908A2CE5}.Debug|x86.Build.0 = Debug|Win32
		{B3D620AC-B954-47F5-9C86-ADCE908A2CE5}.Release|x64.ActiveCfg = Release|x64
		{B3D620AC-B954-47F5-9C86-ADCE908A2CE5}.Release|x64.Build.0 = Release|x64
		{B3D620AC-B954-47F5-9C86-ADCE908A2CE5}.Release|x86.ActiveCfg = Release|Win32
		{B3D620AC-B954-47F5-9C86-ADCE908A2CE5}.Release|x86.Build.0 = Release|Win32
		{BDB4998C-42C0-46E7-9B24-68CC9F32F33B}.Debug|x64.ActiveCfg = Debug|x64
		{BDB4998C-42C0-46E7-9B24-68CC9F32F33B}.Debug|x64.Build.0 = Debug|x64
		{BDB4998C-42C0-46E7-9B24-68CC9F32F33B}.Debug|x86.ActiveCfg = Debug|Win32
		{BDB4998C-42C0-46E7-9B24-68CC9F32F33B}.Debug|x86.Build.0 = Debug|Win32
		{BDB4998C-42C0-46E7-9B24-68CC9F32F33B}.Release|x64.ActiveCfg = Release|x64
		{BDB4998C-42C0-46E7-9B24-68CC9F32F33B}.Release|x64.Build.0 = Release|x64
		{BDB4998C-42C0-46E7-9B24-68CC9F32F33B}.Release|x86.ActiveCfg = Release|Win32
		{BDB4998C-42C0-46E7-9B24-68CC9F32F33B}.Release|x86.Build.0 = Release|Win32
		{86F0F29E-D0B1-42D5-B335-99BFB33B8344}.Debug|x64.ActiveCfg = Debug|x64
		{86F0F29E-D0B1-42D5-B335-99BFB33B8344}.Debug|x64.Build.0 = Debug|x64
		{86F0F29E-D0B1-42D5-B335-99BFB33B8344}.Debug|x86.ActiveCfg = Debug|Win32
		{86F0F29E-D0B1-42D5-B335-99BFB33B8344}.Debug|x86.Build.0 = Debug|Win32
		{86F0F29E-D0B1-42D5-B335-99BFB33B8344}.Release|x64.ActiveCfg = Release|x64
		{86F0F29E-D0B1-42D5-B335-99BFB33B8344}.Release|x64.Build.0 = Release|x64
		{86F0F29E-D0B1-42D5-B335-99BFB33B8344}.Release|x86.ActiveCfg = Release|Win32
		{86F0F29E-D0B1-42D5-B335-99BFB33B8344}.Release|x86.Build.0 = Release|Win32
		{83300806-B1CF-4577-AFF8-C9D9DA60DBB3}.Debug|x64.ActiveCfg = Debug|x64
		{83300806-B1CF-4577-AFF8-C9D9DA60DBB3}.Debug|x64.Build.0 = Debug|x64
		{83300806-B1CF-4577-AFF8-C9D9DA60DBB3}.Debug|x86.ActiveCfg = Debug|Win32
		{83300806-B1CF-4577-AFF8-C9D9DA60DBB3}.Debug|x86.Build.0 = Debug|Win32
		{83300806-B1CF-4577-AFF8-C9D9DA60DBB3}.Release|x64.ActiveCfg = Release|x64
		{83300806-B1CF-4577-AFF8-C9D9DA60DBB3}.Release|x64.Build.0 = Release|x64
		{83300806-B1CF-4577-AFF8-C9D9DA60DBB3}.Release|x86.ActiveCfg = Release|Win32
		{83300806-B1CF-4577-AFF8-C9D9DA60DBB3}.Release|x86.Build.0 = Release|Win32
		{60738076-273E-43B4-AFA0-77AE39C52592}.Debug|x64.ActiveCfg = Debug|x64
		{60738076-273E-43B4-AFA0-77AE39C52592}.Debug|x64.Build.0 = Debug|x64
		{60738076-273E-43B4-AFA0-77AE39C52592}.Debug|x86.ActiveCfg = Debug|Win32
		{60738076-273E-43B4-AFA0-77AE39C52592}.Debug|x86.Build.0 = Debug|Win32
		{60738076-273E-43B4-AFA0-77AE39C52592}.Release|x64.ActiveCfg = Release|x64
		{60738076-273E-43B4-AFA0-77AE39C52592}.Release|x64.Build.0 = Release|x64
		{60738076-273E-43B4-AFA0-77AE39C52592}.Release|x86.ActiveCfg = Release|Win32
		{60738076-273E-43B4-AFA0-77AE39C52592}.Release|x86.Build.0 = Release|Win32
		{3A369F74-A71E-4570-B48E-F70DA212711C}.Debug|x64.ActiveCfg = Debug|x64
		{3A369F74-A71E-4570-B48E-F70DA212711C}.Debug|x64.Build.0 = Debug|x64
		{3A369F74-A71E-4570-B48E-F70DA212711C}.Debug|x86.ActiveCfg = Debug|Win32
		{3A369F74-A71E-4570-B48E-F70DA212711C}.Debug|x86.Build.0 = Debug|Win32
		{3A369F74-A71E-4570-B48E-F70DA212711C}.Release|x64.ActiveCfg = Release|x64
		{3A369F74-A71E-4570-B48E-F70DA212711C}.Release|x64.Build.0 = Release|x64
		{3A369F74-A71E-4570-B48E-F70DA212711C}.Release|x86.ActiveCfg = Release|Win32
		{3A369F74-A71E-4570-B48E-F70DA212711C}.Release|x86.Build.0 = Release|Win32
		{3BFD12E4-658B-4941-BB07-FA026E3E556D}.Debug|x64.ActiveCfg = Debug|x64
		{3BFD12E4-658B-4941-BB07-FA026E3E556D}.Debug|x64.Build.0 = Debug|x64
		{3BFD12E4-658B-4941-BB07-FA026E3E556D}.Debug|x86.ActiveCfg = Debug|Win32
		{3BFD12E4-658B-4941-BB07-FA026E3E556D}.Debug|x86.Build.0 = Debug|Win32
		{3BFD12E4-658B-4941-BB07-FA026E3E556D}.Release|x64.ActiveCfg = Release|x64
		{3BFD12E4-658B-4941-BB07-FA026E3E556D}.Release|x64.Build.0 = Release|x64
		{3BFD12E4-658B-4941-BB07-FA026E3E556D}.Release|x86.ActiveCfg = Release|Win32
		{3BFD12E4-658B-4941-BB07-FA026E3E556D}.Release|x86.Build.0 = Release|Win32
		{2FD8723B-0919-436D-B4F5-AA4E7E89313F}.Debug|x64.ActiveCfg = Debug|x64
		{2FD8723B-0919-436D-B4F5-AA4E7E89313F}.Debug|x64.Build.0 = Debug|x64
		{2FD8723B-0919-436D-B4F5-AA4E7E89313F}.Debug|x86.ActiveCfg = Debug|Win32
		{2FD8723B-0919-436D-B4F5-AA4E7E89313F}.Debug|x86.Build.0 = Debug|Win32
		{2FD8723B-0919-436D-B4F5-AA4E7E89313F}.Release|x64.ActiveCfg = Release|x64
		{2FD8723B-0919-436D-B4F5-AA4E7E89313F}.Release|x64.Build.0 = Release|x64
		{2FD8723B-0919-436D-B4F5-AA4E7E89313F}.Release|x86.ActiveCfg = Release|Win32
		{2FD8723B-0919-436D-B4F5-AA4E7E89313F}.Release|x86.Build.0 = Release|Win32
		{369BDED5-155D-4B84-8B68-353F387FE062}.Debug|x64.ActiveCfg = Debug|x64
		{369BDED5-155D-4B84-8B68-353F387FE062}.Debug|x64.Build.0 = Debug|x64
		{369BDED5-155D-4B84-8B68-353F387FE062}.Debug|x86.ActiveCfg = Debug|Win32
		{369BDED5-155D-4B84-8B68-353F387FE062}.Debug|x86.Build.0 = Debug|Win32
		{369BDED5-155D-4B84-8B68-353F387FE062}.Release|x64.ActiveCfg = Release|x64
		{369BDED5-155D-4B84-8B68-353F387FE062}.Release|x64.Build.0 = Release|x64
		{369BDED5-155D-4B84-8B68-353F387FE062}.Release|x86.ActiveCfg = Release|Win32
		{369BDED5-155D-4B84-8B68-353F387FE062}.Release|x86.Build.0 = Release|Win32
		{1CB94A47-F837-496A-A199-38245D4ECDD1}.Debug|x64.ActiveCfg = Debug|x64
		{1CB94A47-F837-496A-A199-38245D4ECDD1}.Debug|x64.Build.0 = Debug|x64
		{1CB94A47-F837-496A-A199-38245D4ECDD1}.Debug|x86.ActiveCfg = Debug|Win32
		{1CB94A47-F837-496A-A199-38245D4ECDD1}.Debug|x86.Build.0 = Debug|Win32
		{1CB94A47-F837-496A-A199-38245D4ECDD1}.Release|x64.ActiveCfg = Release|x64
		{1CB94A47-F837-496A-A199-38245D4ECDD1}.Release|x64.Build.0 = Release|x64
		{1CB94A47-F837-496A-A199-38245D4ECDD1}.Release|x86.ActiveCfg = Release|Win32
		{1CB94A47-F837-496A-A199-38245D4ECDD1}.Release|x86.Build.0 = Release|Win32
		{1006C9EA-5B74-412C-A36C-CDF26CB956E4}.Debug|x64.ActiveCfg = Debug|x64
		{1006C9EA-5B74-412C-A36C-CDF26CB956E4}.Debug|x64.Build.0 = Debug|x64
		{1006C9EA-5B74-412C-A36C-CDF26CB956E4}.Debug|x86.ActiveCfg = Debug|Win32
		{1006C9EA-5B74-412C-A36C-CDF26CB956E4}.Debug|x86.Build.0 = Debug|Win32
		{1006C9EA-5B74-412C-A36C-CDF26CB956E4}.Release|x64.ActiveCfg = Release|x64
		{1006C9EA-5B74-412C-A36C-CDF26CB956E4}.Release|x64.Build.0 = Release|x64
		{1006C9EA-5B74-412C-A36C-CDF26CB956E4}.Release|x86.ActiveCfg = Release|Win32
		{1006C9EA-5B74-412C-A36C-CDF26CB956E4}.Release|x86.Build.0 = Release|Win32
		{92415F95-2948-4B1B-A174-6EEBAF60590A}.Debug|x64.ActiveCfg = Debug|x64
		{92415F95-2948-4B1B-A174-6EEBAF60590A}.Debug|x64.Build.0 = Debug|x64
		{92415F95-2948-4B1B-A174-6EEBAF60590A}.Debug|x86.ActiveCfg = Debug|Win32
		{92415F95-2948-4B1B-A174-6EEBAF60590A}.Debug|x86.Build.0 = Debug|Win32
		{92415F95-2948-4B1B-A174-6EEBAF60590A}.Release|x64.ActiveCfg = Release|x64
		{92415F95-2948-4B1B-A174-6EEBAF60590A}.Release|x64.Build.0 = Release|x64
		{92415F95-2948-4B1B-A174-6EEBAF60590A}.Release|x86.ActiveCfg = Release|Win32
		{92415F95-2948-4B1B-A174-6EEBAF60590A}.Release|x86.Build.0 = Release|Win32
	EndGlobalSection
	GlobalSection(SolutionProperties) = preSolution
		HideSolutionNode = FALSE
	EndGlobalSection
	GlobalSection(ExtensibilityGlobals) = postSolution
		SolutionGuid = {50DF189A-B415-4367-9C51-1C147267975F}
	EndGlobalSection
EndGlobal
